
Microsoft Visual Studio Solution File, Format Version 12.00
# Visual Studio Version 16
VisualStudioVersion = 16.0.29613.14
MinimumVisualStudioVersion = 10.0.40219.1
Project("{2150E333-8FDC-42A3-9474-1A3956D46DE8}") = "src", "src", "{873D25C7-F5A1-4FA6-BB68-F13C08B9F49A}"
EndProject
Project("{FAE04EC0-301F-11D3-BF4B-00C04F79EFBC}") = "Learning.ExternalConfiguration.Api", "src\Learning.ExternalConfiguration.Api\Learning.ExternalConfiguration.Api.csproj", "{11A2AC8B-77D2-413B-8DC2-89AC35BFFB0A}"
EndProject
Project("{E53339B2-1760-4266-BCC7-CA923CBCF16C}") = "docker-compose", "docker-compose.dcproj", "{ADBEE27D-3428-4121-BAA0-444575EF964D}"
EndProject
Global
	GlobalSection(SolutionConfigurationPlatforms) = preSolution
		Debug|Any CPU = Debug|Any CPU
		Release|Any CPU = Release|Any CPU
	EndGlobalSection
	GlobalSection(ProjectConfigurationPlatforms) = postSolution
		{11A2AC8B-77D2-413B-8DC2-89AC35BFFB0A}.Debug|Any CPU.ActiveCfg = Debug|Any CPU
		{11A2AC8B-77D2-413B-8DC2-89AC35BFFB0A}.Debug|Any CPU.Build.0 = Debug|Any CPU
		{11A2AC8B-77D2-413B-8DC2-89AC35BFFB0A}.Release|Any CPU.ActiveCfg = Release|Any CPU
		{11A2AC8B-77D2-413B-8DC2-89AC35BFFB0A}.Release|Any CPU.Build.0 = Release|Any CPU
		{ADBEE27D-3428-4121-BAA0-444575EF964D}.Debug|Any CPU.ActiveCfg = Debug|Any CPU
		{ADBEE27D-3428-4121-BAA0-444575EF964D}.Debug|Any CPU.Build.0 = Debug|Any CPU
		{ADBEE27D-3428-4121-BAA0-444575EF964D}.Release|Any CPU.ActiveCfg = Release|Any CPU
		{ADBEE27D-3428-4121-BAA0-444575EF964D}.Release|Any CPU.Build.0 = Release|Any CPU
	EndGlobalSection
	GlobalSection(SolutionProperties) = preSolution
		HideSolutionNode = FALSE
	EndGlobalSection
	GlobalSection(NestedProjects) = preSolution
		{11A2AC8B-77D2-413B-8DC2-89AC35BFFB0A} = {873D25C7-F5A1-4FA6-BB68-F13C08B9F49A}
	EndGlobalSection
	GlobalSection(ExtensibilityGlobals) = postSolution
		SolutionGuid = {33A865E8-DC98-4A8F-B015-E3DFE024B028}
	EndGlobalSection
EndGlobal
