
Microsoft Visual Studio Solution File, Format Version 12.00
# Visual Studio Version 16
VisualStudioVersion = 16.0.29613.14
MinimumVisualStudioVersion = 10.0.40219.1
Project("{2150E333-8FDC-42A3-9474-1A3956D46DE8}") = "src", "src", "{35E33F92-6765-48D9-8EA7-0C1A10411487}"
EndProject
Project("{9A19103F-16F7-4668-BE54-9A1E7A4F7556}") = "Learning.ExternalConfiguration.Api", "src\Learning.ExternalConfiguration.Api\Learning.ExternalConfiguration.Api.csproj", "{5779E93A-B19A-4DFC-902E-227059E303E2}"
EndProject
Project("{E53339B2-1760-4266-BCC7-CA923CBCF16C}") = "docker-compose", "docker-compose.dcproj", "{336205B6-E34E-4B9F-BA09-88B79A736157}"
EndProject
Global
	GlobalSection(SolutionConfigurationPlatforms) = preSolution
		Debug|Any CPU = Debug|Any CPU
		Release|Any CPU = Release|Any CPU
	EndGlobalSection
	GlobalSection(ProjectConfigurationPlatforms) = postSolution
		{5779E93A-B19A-4DFC-902E-227059E303E2}.Debug|Any CPU.ActiveCfg = Debug|Any CPU
		{5779E93A-B19A-4DFC-902E-227059E303E2}.Debug|Any CPU.Build.0 = Debug|Any CPU
		{5779E93A-B19A-4DFC-902E-227059E303E2}.Release|Any CPU.ActiveCfg = Release|Any CPU
		{5779E93A-B19A-4DFC-902E-227059E303E2}.Release|Any CPU.Build.0 = Release|Any CPU
		{336205B6-E34E-4B9F-BA09-88B79A736157}.Debug|Any CPU.ActiveCfg = Debug|Any CPU
		{336205B6-E34E-4B9F-BA09-88B79A736157}.Debug|Any CPU.Build.0 = Debug|Any CPU
		{336205B6-E34E-4B9F-BA09-88B79A736157}.Release|Any CPU.ActiveCfg = Release|Any CPU
		{336205B6-E34E-4B9F-BA09-88B79A736157}.Release|Any CPU.Build.0 = Release|Any CPU
	EndGlobalSection
	GlobalSection(SolutionProperties) = preSolution
		HideSolutionNode = FALSE
	EndGlobalSection
	GlobalSection(NestedProjects) = preSolution
		{5779E93A-B19A-4DFC-902E-227059E303E2} = {35E33F92-6765-48D9-8EA7-0C1A10411487}
	EndGlobalSection
	GlobalSection(ExtensibilityGlobals) = postSolution
		SolutionGuid = {5D8059C7-6BE2-4AA9-90EE-F797AC7AAC38}
	EndGlobalSection
EndGlobal
